<?xml version="1.0" encoding="utf-8"?>
<Project ToolsVersion="4.0" xmlns="http://schemas.microsoft.com/developer/msbuild/2003">
  <ItemGroup>
    <Filter Include="Source">
      <UniqueIdentifier>{4FC737F1-C7A5-4376-A066-2A32D752A2FF}</UniqueIdentifier>
      <Extensions>cpp;c;cc;cxx;def;odl;idl;hpj;bat;asm;asmx;h;hh;hpp;hxx;hm;inl;inc;ipp;xsd</Extensions>
    </Filter>
    <Filter Include="Include">
      <UniqueIdentifier>{93995380-89BD-4b04-88EB-625FBE52EBFB}</UniqueIdentifier>
      <Extensions>
      </Extensions>
    </Filter>
    <Filter Include="Resources">
      <UniqueIdentifier>{67DA6AB6-F800-4c08-8B7A-83BB121AAD01}</UniqueIdentifier>
      <Extensions>rc;ico;cur;bmp;dlg;rc2;rct;bin;rgs;gif;jpg;jpeg;jpe;resx;tiff;tif;png;wav;mfcribbon-ms</Extensions>
    </Filter>
    <Filter Include="Include\Errors">
      <UniqueIdentifier>{c939ca57-f878-4cab-8dc8-580c8f185a26}</UniqueIdentifier>
    </Filter>
    <Filter Include="Include\Storage">
      <UniqueIdentifier>{51be23ae-c9dc-4ecc-9de5-735aeca4a5c4}</UniqueIdentifier>
    </Filter>
    <Filter Include="Source\Errors">
      <UniqueIdentifier>{09d7dad3-b2d9-42e1-b24f-f58c7e5acc9f}</UniqueIdentifier>
    </Filter>
    <Filter Include="Source\Platform">
      <UniqueIdentifier>{295eb632-2d53-4d60-aadc-3989cec9b923}</UniqueIdentifier>
    </Filter>
    <Filter Include="Source\Storage">
      <UniqueIdentifier>{48cc11bc-9406-4eb0-9ad7-edc9ab551a7d}</UniqueIdentifier>
    </Filter>
    <Filter Include="Source\Storage\Flac">
      <UniqueIdentifier>{a5b7f8a2-1794-45df-999c-f617e34d94b1}</UniqueIdentifier>
    </Filter>
    <Filter Include="Source\Storage\Opus">
      <UniqueIdentifier>{4dc65726-649e-4ea9-a5c9-f3427d493cf9}</UniqueIdentifier>
    </Filter>
    <Filter Include="Source\Storage\Waveform">
      <UniqueIdentifier>{906dbbac-78d7-4f72-9baa-d1dcbbaa2762}</UniqueIdentifier>
    </Filter>
    <Filter Include="Source\Storage\WavPack">
      <UniqueIdentifier>{c5c45bef-0d66-4302-ac82-5aab77525aa2}</UniqueIdentifier>
    </Filter>
    <Filter Include="Documents">
      <UniqueIdentifier>{5824954d-36dc-4758-a813-71cec7c4488b}</UniqueIdentifier>
      <Extensions>md;txt;pdf</Extensions>
    </Filter>
    <Filter Include="Tests">
      <UniqueIdentifier>{c7f37be0-0dc0-46b9-99b2-3b45cbc22fce}</UniqueIdentifier>
    </Filter>
    <Filter Include="Tests\Processing">
      <UniqueIdentifier>{9c52c7e7-86d3-4379-98ca-e415cd17ef1e}</UniqueIdentifier>
    </Filter>
    <Filter Include="Tests\Storage">
      <UniqueIdentifier>{e94d92eb-9aeb-4e88-820c-d30bd87d2987}</UniqueIdentifier>
    </Filter>
    <Filter Include="Tests\Storage\WavPack">
      <UniqueIdentifier>{b0a0e6e9-4fc0-4e29-8b03-611dc1358e0c}</UniqueIdentifier>
    </Filter>
    <Filter Include="Tests\Storage\Flac">
      <UniqueIdentifier>{d6d97dc2-75ee-4da5-add5-a672e1f7006e}</UniqueIdentifier>
    </Filter>
    <Filter Include="Tests\Storage\Opus">
      <UniqueIdentifier>{7757c29d-117d-4f7e-8845-8786aa6e8f6b}</UniqueIdentifier>
    </Filter>
    <Filter Include="Tests\Storage\Waveform">
      <UniqueIdentifier>{623ca6f0-7ca8-4838-9994-4aa17814db9d}</UniqueIdentifier>
    </Filter>
    <Filter Include="Source\Storage\Shared">
      <UniqueIdentifier>{4aac9c0f-5dfb-4d85-b87a-781881cdae2d}</UniqueIdentifier>
    </Filter>
    <Filter Include="Tests\Storage\Shared">
      <UniqueIdentifier>{e595b2d6-065f-44bf-9b97-0cf108eaa955}</UniqueIdentifier>
    </Filter>
    <Filter Include="Source\Storage\Vorbis">
      <UniqueIdentifier>{9c196f04-b7a9-4be2-89f3-2389e9794f17}</UniqueIdentifier>
    </Filter>
    <Filter Include="Tests\Storage\Vorbis">
      <UniqueIdentifier>{ad789b0f-6587-4c5e-ab98-3f9668253bd7}</UniqueIdentifier>
    </Filter>
    <Filter Include="Include\Processing">
      <UniqueIdentifier>{0345cecb-2968-452e-a80b-3978883e2d3e}</UniqueIdentifier>
    </Filter>
    <Filter Include="Source\Processing">
      <UniqueIdentifier>{6df7271a-d543-4326-8809-4fcbff3a6c7d}</UniqueIdentifier>
    </Filter>
  </ItemGroup>
  <ItemGroup>
    <ClInclude Include="Include\Nuclex\Audio\Errors\UnsupportedFormatError.h">
      <Filter>Include\Errors</Filter>
    </ClInclude>
    <ClInclude Include="Include\Nuclex\Audio\Errors\CorruptedFileError.h">
      <Filter>Include\Errors</Filter>
    </ClInclude>
    <ClInclude Include="Include\Nuclex\Audio\Storage\VirtualFile.h">
      <Filter>Include\Storage</Filter>
    </ClInclude>
    <ClInclude Include="Include\Nuclex\Audio\Storage\AudioCodec.h">
      <Filter>Include\Storage</Filter>
    </ClInclude>
    <ClInclude Include="Include\Nuclex\Audio\Storage\AudioLoader.h">
      <Filter>Include\Storage</Filter>
    </ClInclude>
    <ClInclude Include="Include\Nuclex\Audio\Storage\AudioTrackDecoder.h">
      <Filter>Include\Storage</Filter>
    </ClInclude>
    <ClInclude Include="Include\Nuclex\Audio\AudioSampleFormat.h">
      <Filter>Include</Filter>
    </ClInclude>
    <ClInclude Include="Include\Nuclex\Audio\Channel.h">
      <Filter>Include</Filter>
    </ClInclude>
    <ClInclude Include="Include\Nuclex\Audio\ChannelPlacement.h">
      <Filter>Include</Filter>
    </ClInclude>
    <ClInclude Include="Include\Nuclex\Audio\Config.h">
      <Filter>Include</Filter>
    </ClInclude>
    <ClInclude Include="Include\Nuclex\Audio\ContainerInfo.h">
      <Filter>Include</Filter>
    </ClInclude>
    <ClInclude Include="Include\Nuclex\Audio\Track.h">
      <Filter>Include</Filter>
    </ClInclude>
    <ClInclude Include="Include\Nuclex\Audio\TrackInfo.h">
      <Filter>Include</Filter>
    </ClInclude>
    <ClInclude Include="Source\Storage\Shared\ChannelOrderFactory.h">
      <Filter>Source\Storage\Shared</Filter>
    </ClInclude>
    <ClInclude Include="Source\Storage\Opus\OpusReader.h">
      <Filter>Source\Storage\Opus</Filter>
    </ClInclude>
    <ClInclude Include="Source\Storage\Opus\OpusTrackDecoder.h">
      <Filter>Source\Storage\Opus</Filter>
    </ClInclude>
    <ClInclude Include="Source\Storage\Vorbis\VorbisAudioCodec.h">
      <Filter>Source\Storage\Vorbis</Filter>
    </ClInclude>
    <ClInclude Include="Source\Storage\Vorbis\VorbisDetection.h">
      <Filter>Source\Storage\Vorbis</Filter>
    </ClInclude>
    <ClInclude Include="Source\Storage\Vorbis\VorbisReader.h">
      <Filter>Source\Storage\Vorbis</Filter>
    </ClInclude>
    <ClInclude Include="Source\Storage\Vorbis\VorbisTrackDecoder.h">
      <Filter>Source\Storage\Vorbis</Filter>
    </ClInclude>
    <ClInclude Include="Source\Storage\Vorbis\VorbisVirtualFileAdapter.h">
      <Filter>Source\Storage\Vorbis</Filter>
    </ClInclude>
    <ClInclude Include="Source\Platform\VorbisApi.h">
      <Filter>Source\Platform</Filter>
    </ClInclude>
    <ClInclude Include="Source\Storage\Waveform\WaveformTrackDecoder.h">
      <Filter>Source\Storage\Waveform</Filter>
    </ClInclude>
    <ClInclude Include="Source\Storage\Waveform\WaveformParser.h">
      <Filter>Source\Storage\Waveform</Filter>
    </ClInclude>
    <ClInclude Include="Include\Nuclex\Audio\Processing\SampleConverter.h">
      <Filter>Include\Processing</Filter>
    </ClInclude>
    <ClInclude Include="Include\Nuclex\Audio\Processing\VolumeDetector.h">
      <Filter>Include\Processing</Filter>
    </ClInclude>
    <ClInclude Include="Include\Nuclex\Audio\Processing\DecibelConverter.h">
      <Filter>Include\Processing</Filter>
    </ClInclude>
    <ClInclude Include="Include\Nuclex\Audio\Processing\BitExtension.h">
      <Filter>Include\Processing</Filter>
    </ClInclude>
    <ClInclude Include="Include\Nuclex\Audio\Processing\Quantization.h">
      <Filter>Include\Processing</Filter>
    </ClInclude>
    <ClInclude Include="Include\Nuclex\Audio\Processing\Reconstruction.h">
      <Filter>Include\Processing</Filter>
    </ClInclude>
  </ItemGroup>
  <ItemGroup>
    <ClCompile Include="Source\Errors\CorruptedFileError.cpp">
      <Filter>Source\Errors</Filter>
    </ClCompile>
    <ClCompile Include="Source\Errors\UnsupportedFormatError.cpp">
      <Filter>Source\Errors</Filter>
    </ClCompile>
    <ClCompile Include="Source\Platform\FlacApi.cpp">
      <Filter>Source\Platform</Filter>
    </ClCompile>
    <ClInclude Include="Source\Platform\FlacApi.h">
      <Filter>Source\Platform</Filter>
    </ClInclude>
    <ClCompile Include="Source\Platform\LinuxFileApi.cpp">
      <Filter>Source\Platform</Filter>
    </ClCompile>
    <ClInclude Include="Source\Platform\LinuxFileApi.h">
      <Filter>Source\Platform</Filter>
    </ClInclude>
    <ClCompile Include="Source\Platform\OpusApi.cpp">
      <Filter>Source\Platform</Filter>
    </ClCompile>
    <ClInclude Include="Source\Platform\OpusApi.h">
      <Filter>Source\Platform</Filter>
    </ClInclude>
    <ClCompile Include="Source\Platform\PosixApi.cpp">
      <Filter>Source\Platform</Filter>
    </ClCompile>
    <ClInclude Include="Source\Platform\PosixApi.h">
      <Filter>Source\Platform</Filter>
    </ClInclude>
    <ClCompile Include="Source\Platform\PosixFileApi.cpp">
      <Filter>Source\Platform</Filter>
    </ClCompile>
    <ClInclude Include="Source\Platform\PosixFileApi.h">
      <Filter>Source\Platform</Filter>
    </ClInclude>
    <ClCompile Include="Source\Platform\WavPackApi.cpp">
      <Filter>Source\Platform</Filter>
    </ClCompile>
    <ClInclude Include="Source\Platform\WavPackApi.h">
      <Filter>Source\Platform</Filter>
    </ClInclude>
    <ClCompile Include="Source\Platform\WindowsApi.cpp">
      <Filter>Source\Platform</Filter>
    </ClCompile>
    <ClInclude Include="Source\Platform\WindowsApi.h">
      <Filter>Source\Platform</Filter>
    </ClInclude>
    <ClCompile Include="Source\Platform\WindowsFileApi.cpp">
      <Filter>Source\Platform</Filter>
    </ClCompile>
    <ClInclude Include="Source\Platform\WindowsFileApi.h">
      <Filter>Source\Platform</Filter>
    </ClInclude>
    <ClCompile Include="Source\Storage\Flac\FlacReader.cpp">
      <Filter>Source\Storage\Flac</Filter>
    </ClCompile>
    <ClInclude Include="Source\Storage\Flac\FlacReader.h">
      <Filter>Source\Storage\Flac</Filter>
    </ClInclude>
    <ClCompile Include="Source\Storage\Flac\FlacTrackDecoder.cpp">
      <Filter>Source\Storage\Flac</Filter>
    </ClCompile>
    <ClInclude Include="Source\Storage\Flac\FlacTrackDecoder.h">
      <Filter>Source\Storage\Flac</Filter>
    </ClInclude>
    <ClCompile Include="Source\Storage\Flac\FlacVirtualFileAdapter.cpp">
      <Filter>Source\Storage\Flac</Filter>
    </ClCompile>
    <ClInclude Include="Source\Storage\Flac\FlacVirtualFileAdapter.h">
      <Filter>Source\Storage\Flac</Filter>
    </ClInclude>
    <ClCompile Include="Source\Storage\Flac\FlacAudioCodec.cpp">
      <Filter>Source\Storage\Flac</Filter>
    </ClCompile>
    <ClInclude Include="Source\Storage\Flac\FlacAudioCodec.h">
      <Filter>Source\Storage\Flac</Filter>
    </ClInclude>
    <ClCompile Include="Source\Storage\Flac\FlacDetection.cpp">
      <Filter>Source\Storage\Flac</Filter>
    </ClCompile>
    <ClInclude Include="Source\Storage\Flac\FlacDetection.h">
      <Filter>Source\Storage\Flac</Filter>
    </ClInclude>
    <ClCompile Include="Source\Storage\Opus\OpusAudioCodec.cpp">
      <Filter>Source\Storage\Opus</Filter>
    </ClCompile>
    <ClInclude Include="Source\Storage\Opus\OpusAudioCodec.h">
      <Filter>Source\Storage\Opus</Filter>
    </ClInclude>
    <ClCompile Include="Source\Storage\Opus\OpusDetection.cpp">
      <Filter>Source\Storage\Opus</Filter>
    </ClCompile>
    <ClInclude Include="Source\Storage\Opus\OpusDetection.h">
      <Filter>Source\Storage\Opus</Filter>
    </ClInclude>
    <ClCompile Include="Source\Storage\Opus\OpusVirtualFileAdapter.cpp">
      <Filter>Source\Storage\Opus</Filter>
    </ClCompile>
    <ClInclude Include="Source\Storage\Opus\OpusVirtualFileAdapter.h">
      <Filter>Source\Storage\Opus</Filter>
    </ClInclude>
    <ClCompile Include="Source\Storage\Shared\VirtualFileAdapterState.cpp">
      <Filter>Source\Storage\Shared</Filter>
    </ClCompile>
    <ClInclude Include="Source\Storage\Shared\VirtualFileAdapterState.h">
      <Filter>Source\Storage\Shared</Filter>
    </ClInclude>
    <ClCompile Include="Source\Storage\Waveform\WaveformReader.cpp">
      <Filter>Source\Storage\Waveform</Filter>
    </ClCompile>
    <ClInclude Include="Source\Storage\Waveform\WaveformReader.h">
      <Filter>Source\Storage\Waveform</Filter>
    </ClInclude>
    <ClCompile Include="Source\Storage\Waveform\WaveformAudioCodec.cpp">
      <Filter>Source\Storage\Waveform</Filter>
    </ClCompile>
    <ClInclude Include="Source\Storage\Waveform\WaveformAudioCodec.h">
      <Filter>Source\Storage\Waveform</Filter>
    </ClInclude>
    <ClCompile Include="Source\Storage\Waveform\WaveformDetection.cpp">
      <Filter>Source\Storage\Waveform</Filter>
    </ClCompile>
    <ClInclude Include="Source\Storage\Waveform\WaveformDetection.h">
      <Filter>Source\Storage\Waveform</Filter>
    </ClInclude>
    <ClCompile Include="Source\Storage\WavPack\WavPackAudioCodec.cpp">
      <Filter>Source\Storage\WavPack</Filter>
    </ClCompile>
    <ClInclude Include="Source\Storage\WavPack\WavPackAudioCodec.h">
      <Filter>Source\Storage\WavPack</Filter>
    </ClInclude>
    <ClCompile Include="Source\Storage\WavPack\WavPackDetection.cpp">
      <Filter>Source\Storage\WavPack</Filter>
    </ClCompile>
    <ClInclude Include="Source\Storage\WavPack\WavPackDetection.h">
      <Filter>Source\Storage\WavPack</Filter>
    </ClInclude>
    <ClCompile Include="Source\Storage\WavPack\WavPackReader.cpp">
      <Filter>Source\Storage\WavPack</Filter>
    </ClCompile>
    <ClInclude Include="Source\Storage\WavPack\WavPackReader.h">
      <Filter>Source\Storage\WavPack</Filter>
    </ClInclude>
    <ClCompile Include="Source\Storage\WavPack\WavPackTrackDecoder.cpp">
      <Filter>Source\Storage\WavPack</Filter>
    </ClCompile>
    <ClInclude Include="Source\Storage\WavPack\WavPackTrackDecoder.h">
      <Filter>Source\Storage\WavPack</Filter>
    </ClInclude>
    <ClCompile Include="Source\Storage\WavPack\WavPackVirtualFileAdapter.cpp">
      <Filter>Source\Storage\WavPack</Filter>
    </ClCompile>
    <ClInclude Include="Source\Storage\WavPack\WavPackVirtualFileAdapter.h">
      <Filter>Source\Storage\WavPack</Filter>
    </ClInclude>
    <ClCompile Include="Source\Storage\AudioTrackDecoder.cpp">
      <Filter>Source\Storage</Filter>
    </ClCompile>
    <ClCompile Include="Source\Storage\EndianReader.cpp">
      <Filter>Source\Storage</Filter>
    </ClCompile>
    <ClInclude Include="Source\Storage\RealFile.h">
      <Filter>Source\Storage</Filter>
    </ClInclude>
    <ClCompile Include="Source\Storage\AudioLoader.cpp">
      <Filter>Source\Storage</Filter>
    </ClCompile>
    <ClInclude Include="Source\Storage\EndianReader.h">
      <Filter>Source\Storage</Filter>
    </ClInclude>
    <ClCompile Include="Source\Storage\RealFile.cpp">
      <Filter>Source\Storage</Filter>
    </ClCompile>
    <ClCompile Include="Source\Storage\VirtualFile.cpp">
      <Filter>Source\Storage</Filter>
    </ClCompile>
    <ClCompile Include="Source\AudioSampleFormat.cpp">
      <Filter>Source</Filter>
    </ClCompile>
    <ClCompile Include="Source\ChannelPlacement.cpp">
      <Filter>Source</Filter>
    </ClCompile>
    <ClCompile Include="Source\ContainerInfo.cpp">
      <Filter>Source</Filter>
    </ClCompile>
    <ClCompile Include="Source\Config.cpp">
      <Filter>Source</Filter>
    </ClCompile>
    <ClCompile Include="Source\Track.cpp">
      <Filter>Source</Filter>
    </ClCompile>
    <ClCompile Include="Source\TrackInfo.cpp">
      <Filter>Source</Filter>
    </ClCompile>
    <ClCompile Include="Source\Storage\Shared\ChannelOrderFactory.cpp">
      <Filter>Source\Storage\Shared</Filter>
    </ClCompile>
    <ClCompile Include="Tests\Storage\Shared\ChannelOrderFactoryTest.cpp">
      <Filter>Tests\Storage\Shared</Filter>
    </ClCompile>
    <ClCompile Include="Tests\Storage\Shared\VirtualFileAdapterStateTest.cpp">
      <Filter>Tests\Storage\Shared</Filter>
    </ClCompile>
    <ClCompile Include="Tests\Storage\Flac\FlacTrackDecoderTest.cpp">
      <Filter>Tests\Storage\Flac</Filter>
    </ClCompile>
    <ClCompile Include="Tests\Storage\Opus\OpusReaderTest.cpp">
      <Filter>Tests\Storage\Opus</Filter>
    </ClCompile>
    <ClCompile Include="Tests\Storage\Opus\OpusTrackDecoderTest.cpp">
      <Filter>Tests\Storage\Opus</Filter>
    </ClCompile>
    <ClCompile Include="Source\Storage\Opus\OpusReader.cpp">
      <Filter>Source\Storage\Opus</Filter>
    </ClCompile>
    <ClCompile Include="Source\Storage\Opus\OpusTrackDecoder.cpp">
      <Filter>Source\Storage\Opus</Filter>
    </ClCompile>
    <ClCompile Include="Source\Storage\Vorbis\VorbisAudioCodec.cpp">
      <Filter>Source\Storage\Vorbis</Filter>
    </ClCompile>
    <ClCompile Include="Source\Storage\Vorbis\VorbisDetection.cpp">
      <Filter>Source\Storage\Vorbis</Filter>
    </ClCompile>
    <ClCompile Include="Source\Storage\Vorbis\VorbisReader.cpp">
      <Filter>Source\Storage\Vorbis</Filter>
    </ClCompile>
    <ClCompile Include="Source\Storage\Vorbis\VorbisTrackDecoder.cpp">
      <Filter>Source\Storage\Vorbis</Filter>
    </ClCompile>
    <ClCompile Include="Source\Storage\Vorbis\VorbisVirtualFileAdapter.cpp">
      <Filter>Source\Storage\Vorbis</Filter>
    </ClCompile>
    <ClCompile Include="Source\Platform\VorbisApi.cpp">
      <Filter>Source\Platform</Filter>
    </ClCompile>
    <ClCompile Include="Tests\Storage\Vorbis\VorbisAudioCodecTests.cpp">
      <Filter>Tests\Storage\Vorbis</Filter>
    </ClCompile>
    <ClCompile Include="Tests\Storage\Vorbis\VorbisDetectionTests.cpp">
      <Filter>Tests\Storage\Vorbis</Filter>
    </ClCompile>
    <ClCompile Include="Tests\Storage\Vorbis\VorbisTrackDecoderTests.cpp">
      <Filter>Tests\Storage\Vorbis</Filter>
    </ClCompile>
    <ClCompile Include="Source\Storage\Waveform\WaveformTrackDecoder.cpp">
      <Filter>Source\Storage\Waveform</Filter>
    </ClCompile>
    <ClCompile Include="Source\Storage\Waveform\WaveformParser.cpp">
      <Filter>Source\Storage\Waveform</Filter>
    </ClCompile>
    <ClCompile Include="Source\Processing\SampleConverter.cpp">
      <Filter>Source\Processing</Filter>
    </ClCompile>
    <ClCompile Include="Source\Processing\VolumeDetector.cpp">
      <Filter>Source\Processing</Filter>
    </ClCompile>
    <ClCompile Include="Source\Processing\DecibelConverter.cpp">
      <Filter>Source\Processing</Filter>
    </ClCompile>
    <ClCompile Include="Source\Processing\BitExtension.cpp">
      <Filter>Source\Processing</Filter>
    </ClCompile>
    <ClCompile Include="Source\Processing\Quantization.cpp">
      <Filter>Source\Processing</Filter>
    </ClCompile>
    <ClCompile Include="Source\Processing\Reconstruction.cpp">
      <Filter>Source\Processing</Filter>
    </ClCompile>
    <ClCompile Include="Tests\Processing\BitExtensionTests.cpp">
      <Filter>Tests\Processing</Filter>
    </ClCompile>
    <ClCompile Include="Tests\Processing\QuantizationTests.cpp">
      <Filter>Tests\Processing</Filter>
    </ClCompile>
    <ClCompile Include="Tests\Processing\ReconstructionTests.cpp">
      <Filter>Tests\Processing</Filter>
    </ClCompile>
  </ItemGroup>
  <ItemGroup>
    <ClCompile Include="Tests\Processing\SampleConverterTest.cpp">
      <Filter>Tests\Processing</Filter>
    </ClCompile>
    <ClCompile Include="Tests\Processing\SineWaveDetectorTest.cpp">
      <Filter>Tests\Processing</Filter>
    </ClCompile>
    <ClInclude Include="Tests\Processing\SineWaveDetector.h">
      <Filter>Tests\Processing</Filter>
    </ClInclude>
    <ClCompile Include="Tests\Processing\SineWaveDetector.cpp">
      <Filter>Tests\Processing</Filter>
    </ClCompile>
    <ClCompile Include="Tests\Storage\Flac\FlacAudioCodecTests.cpp">
      <Filter>Tests\Storage\Flac</Filter>
    </ClCompile>
    <ClCompile Include="Tests\Storage\Flac\FlacDetectionTests.cpp">
      <Filter>Tests\Storage\Flac</Filter>
    </ClCompile>
    <ClCompile Include="Tests\Storage\Opus\OpusAudioCodecTests.cpp">
      <Filter>Tests\Storage\Opus</Filter>
    </ClCompile>
    <ClCompile Include="Tests\Storage\Opus\OpusDetectionTests.cpp">
      <Filter>Tests\Storage\Opus</Filter>
    </ClCompile>
    <ClCompile Include="Tests\Storage\Waveform\WaveformAudioCodecTests.cpp">
      <Filter>Tests\Storage\Waveform</Filter>
    </ClCompile>
    <ClCompile Include="Tests\Storage\Waveform\WaveformDetectionTests.cpp">
      <Filter>Tests\Storage\Waveform</Filter>
    </ClCompile>
    <ClCompile Include="Tests\Storage\WavPack\WavPackAudioCodecTests.cpp">
      <Filter>Tests\Storage\WavPack</Filter>
    </ClCompile>
    <ClCompile Include="Tests\Storage\WavPack\WavPackDetectionTests.cpp">
      <Filter>Tests\Storage\WavPack</Filter>
    </ClCompile>
    <ClCompile Include="Tests\Storage\WavPack\WavPackTrackDecoderTests.cpp">
      <Filter>Tests\Storage\WavPack</Filter>
    </ClCompile>
    <ClCompile Include="Tests\Storage\AudioLoaderTests.cpp">
      <Filter>Tests\Storage</Filter>
    </ClCompile>
    <ClCompile Include="Tests\Storage\ByteArrayAsFile.cpp">
      <Filter>Tests\Storage</Filter>
    </ClCompile>
    <ClInclude Include="Tests\Storage\ByteArrayAsFile.h">
      <Filter>Tests\Storage</Filter>
    </ClInclude>
    <ClCompile Include="Tests\Storage\FailingVirtualFile.cpp">
      <Filter>Tests\Storage</Filter>
    </ClCompile>
    <ClInclude Include="Tests\Storage\FailingVirtualFile.h">
      <Filter>Tests\Storage</Filter>
    </ClInclude>
    <ClCompile Include="Tests\ExpectRange.cpp">
      <Filter>Tests</Filter>
    </ClCompile>
    <ClInclude Include="Tests\ExpectRange.h">
      <Filter>Tests</Filter>
    </ClInclude>
    <ClCompile Include="Tests\Storage\ResourceDirectoryLocator.cpp">
      <Filter>Tests</Filter>
    </ClCompile>
    <ClInclude Include="Tests\Storage\ResourceDirectoryLocator.h">
      <Filter>Tests</Filter>
    </ClInclude>
    <ClCompile Include="Tests\ChannelPlacementTests.cpp">
      <Filter>Tests</Filter>
    </ClCompile>
  </ItemGroup>
  <ItemGroup>
    <Text Include="Documents\EventBenchmark.md" />
    <Text Include="ReadMe.md" />
    <Text Include="Notice.md" />
    <Text Include="License.md" />
    <Text Include="Dependencies.md">
      <Filter>Documents</Filter>
    </Text>
  </ItemGroup>
  <ItemGroup>
    <CustomBuild Include="Nuclex.Support.Native.ref" />
  </ItemGroup>
</Project>